
Microsoft Visual Studio Solution File, Format Version 12.00
# Visual Studio Version 17
VisualStudioVersion = 17.3.32929.385
MinimumVisualStudioVersion = 10.0.40219.1
Project("{FAE04EC0-301F-11D3-BF4B-00C04F79EFBC}") = "ForecastClient", "ForecastClient.csproj", "{456A0308-D05A-4D77-9BC2-A09E340F71A1}"
EndProject
Global
	GlobalSection(SolutionConfigurationPlatforms) = preSolution
		Debug|Any CPU = Debug|Any CPU
		Release|Any CPU = Release|Any CPU
	EndGlobalSection
	GlobalSection(ProjectConfigurationPlatforms) = postSolution
		{456A0308-D05A-4D77-9BC2-A09E340F71A1}.Debug|Any CPU.ActiveCfg = Debug|Any CPU
		{456A0308-D05A-4D77-9BC2-A09E340F71A1}.Debug|Any CPU.Build.0 = Debug|Any CPU
		{456A0308-D05A-4D77-9BC2-A09E340F71A1}.Release|Any CPU.ActiveCfg = Release|Any CPU
		{456A0308-D05A-4D77-9BC2-A09E340F71A1}.Release|Any CPU.Build.0 = Release|Any CPU
	EndGlobalSection
	GlobalSection(SolutionProperties) = preSolution
		HideSolutionNode = FALSE
	EndGlobalSection
	GlobalSection(ExtensibilityGlobals) = postSolution
		SolutionGuid = {B4DCF906-7753-4EE6-BC79-F7016558DCD2}
	EndGlobalSection
EndGlobal
